// !$*UTF8*$!
{
	archiveVersion = 1;
	classes = {
	};
	objectVersion = 56;
	objects = {

/* Begin PBXBuildFile section */
		7229A81F2C60E9880087715F /* MySparApp.swift in Sources */ = {isa = PBXBuildFile; fileRef = 7229A81E2C60E9880087715F /* MySparApp.swift */; };
		7229A8212C60E9880087715F /* ContentView.swift in Sources */ = {isa = PBXBuildFile; fileRef = 7229A8202C60E9880087715F /* ContentView.swift */; };
		7229A8232C60E98A0087715F /* Assets.xcassets in Resources */ = {isa = PBXBuildFile; fileRef = 7229A8222C60E98A0087715F /* Assets.xcassets */; };
		7229A8262C60E98A0087715F /* Preview Assets.xcassets in Resources */ = {isa = PBXBuildFile; fileRef = 7229A8252C60E98A0087715F /* Preview Assets.xcassets */; };
		7229A82D2C60E9B40087715F /* GridView.swift in Sources */ = {isa = PBXBuildFile; fileRef = 7229A82C2C60E9B40087715F /* GridView.swift */; };
		7229A82F2C60E9C60087715F /* TableView.swift in Sources */ = {isa = PBXBuildFile; fileRef = 7229A82E2C60E9C60087715F /* TableView.swift */; };
		7229A8342C60EA230087715F /* ViewModel.swift in Sources */ = {isa = PBXBuildFile; fileRef = 7229A8332C60EA230087715F /* ViewModel.swift */; };
		7229A8362C60EDDE0087715F /* MainModel.swift in Sources */ = {isa = PBXBuildFile; fileRef = 7229A8352C60EDDE0087715F /* MainModel.swift */; };
		7229A8382C60F4410087715F /* CustomGridItem.swift in Sources */ = {isa = PBXBuildFile; fileRef = 7229A8372C60F4410087715F /* CustomGridItem.swift */; };
		7229A83B2C60F6770087715F /* Sizes.swift in Sources */ = {isa = PBXBuildFile; fileRef = 7229A83A2C60F6770087715F /* Sizes.swift */; };
		7229A83D2C60F8BF0087715F /* GridItemModel.swift in Sources */ = {isa = PBXBuildFile; fileRef = 7229A83C2C60F8BF0087715F /* GridItemModel.swift */; };
		7229A83F2C60FE380087715F /* ConstantStrings.swift in Sources */ = {isa = PBXBuildFile; fileRef = 7229A83E2C60FE380087715F /* ConstantStrings.swift */; };
		7229A8422C61121C0087715F /* RectagleWithTwoIcons.swift in Sources */ = {isa = PBXBuildFile; fileRef = 7229A8412C61121C0087715F /* RectagleWithTwoIcons.swift */; };
		7229A8442C6207A60087715F /* FlagFrame.swift in Sources */ = {isa = PBXBuildFile; fileRef = 7229A8432C6207A60087715F /* FlagFrame.swift */; };
		7229A8462C62204B0087715F /* Prices.swift in Sources */ = {isa = PBXBuildFile; fileRef = 7229A8452C62204B0087715F /* Prices.swift */; };
		7229A8482C622E000087715F /* ButtonCart.swift in Sources */ = {isa = PBXBuildFile; fileRef = 7229A8472C622E000087715F /* ButtonCart.swift */; };
		7229A84A2C6244B50087715F /* GridItemViewModel.swift in Sources */ = {isa = PBXBuildFile; fileRef = 7229A8492C6244B50087715F /* GridItemViewModel.swift */; };
		7229A84C2C6266BD0087715F /* PlusMinusButton.swift in Sources */ = {isa = PBXBuildFile; fileRef = 7229A84B2C6266BD0087715F /* PlusMinusButton.swift */; };
		7229A8502C63611C0087715F /* CustomTabelCell.swift in Sources */ = {isa = PBXBuildFile; fileRef = 7229A84F2C63611C0087715F /* CustomTabelCell.swift */; };
		7229A8522C63651E0087715F /* Range.swift in Sources */ = {isa = PBXBuildFile; fileRef = 7229A8512C63651E0087715F /* Range.swift */; };
		7229A8542C6365540087715F /* DiscontLabel.swift in Sources */ = {isa = PBXBuildFile; fileRef = 7229A8532C6365540087715F /* DiscontLabel.swift */; };
		7229A8562C6365880087715F /* FlagLabel.swift in Sources */ = {isa = PBXBuildFile; fileRef = 7229A8552C6365880087715F /* FlagLabel.swift */; };
		7229A8582C6375190087715F /* PricesWithButtomCard.swift in Sources */ = {isa = PBXBuildFile; fileRef = 7229A8572C6375190087715F /* PricesWithButtomCard.swift */; };
		7229A85A2C63AF100087715F /* ButtonList.swift in Sources */ = {isa = PBXBuildFile; fileRef = 7229A8592C63AF100087715F /* ButtonList.swift */; };
		7229A85C2C64AF850087715F /* ItemManager.swift in Sources */ = {isa = PBXBuildFile; fileRef = 7229A85B2C64AF850087715F /* ItemManager.swift */; };
		7229A85E2C64B41F0087715F /* CustomSwitch.swift in Sources */ = {isa = PBXBuildFile; fileRef = 7229A85D2C64B41F0087715F /* CustomSwitch.swift */; };
/* End PBXBuildFile section */

/* Begin PBXFileReference section */
		7229A81B2C60E9880087715F /* MySpar.app */ = {isa = PBXFileReference; explicitFileType = wrapper.application; includeInIndex = 0; path = MySpar.app; sourceTree = BUILT_PRODUCTS_DIR; };
		7229A81E2C60E9880087715F /* MySparApp.swift */ = {isa = PBXFileReference; lastKnownFileType = sourcecode.swift; path = MySparApp.swift; sourceTree = "<group>"; };
		7229A8202C60E9880087715F /* ContentView.swift */ = {isa = PBXFileReference; lastKnownFileType = sourcecode.swift; path = ContentView.swift; sourceTree = "<group>"; };
		7229A8222C60E98A0087715F /* Assets.xcassets */ = {isa = PBXFileReference; lastKnownFileType = folder.assetcatalog; path = Assets.xcassets; sourceTree = "<group>"; };
		7229A8252C60E98A0087715F /* Preview Assets.xcassets */ = {isa = PBXFileReference; lastKnownFileType = folder.assetcatalog; path = "Preview Assets.xcassets"; sourceTree = "<group>"; };
		7229A82C2C60E9B40087715F /* GridView.swift */ = {isa = PBXFileReference; lastKnownFileType = sourcecode.swift; path = GridView.swift; sourceTree = "<group>"; };
		7229A82E2C60E9C60087715F /* TableView.swift */ = {isa = PBXFileReference; lastKnownFileType = sourcecode.swift; path = TableView.swift; sourceTree = "<group>"; };
		7229A8332C60EA230087715F /* ViewModel.swift */ = {isa = PBXFileReference; lastKnownFileType = sourcecode.swift; path = ViewModel.swift; sourceTree = "<group>"; };
		7229A8352C60EDDE0087715F /* MainModel.swift */ = {isa = PBXFileReference; lastKnownFileType = sourcecode.swift; path = MainModel.swift; sourceTree = "<group>"; };
		7229A8372C60F4410087715F /* CustomGridItem.swift */ = {isa = PBXFileReference; lastKnownFileType = sourcecode.swift; path = CustomGridItem.swift; sourceTree = "<group>"; };
		7229A83A2C60F6770087715F /* Sizes.swift */ = {isa = PBXFileReference; lastKnownFileType = sourcecode.swift; path = Sizes.swift; sourceTree = "<group>"; };
		7229A83C2C60F8BF0087715F /* GridItemModel.swift */ = {isa = PBXFileReference; lastKnownFileType = sourcecode.swift; path = GridItemModel.swift; sourceTree = "<group>"; };
		7229A83E2C60FE380087715F /* ConstantStrings.swift */ = {isa = PBXFileReference; lastKnownFileType = sourcecode.swift; path = ConstantStrings.swift; sourceTree = "<group>"; };
		7229A8412C61121C0087715F /* RectagleWithTwoIcons.swift */ = {isa = PBXFileReference; lastKnownFileType = sourcecode.swift; path = RectagleWithTwoIcons.swift; sourceTree = "<group>"; };
		7229A8432C6207A60087715F /* FlagFrame.swift */ = {isa = PBXFileReference; lastKnownFileType = sourcecode.swift; path = FlagFrame.swift; sourceTree = "<group>"; };
		7229A8452C62204B0087715F /* Prices.swift */ = {isa = PBXFileReference; lastKnownFileType = sourcecode.swift; path = Prices.swift; sourceTree = "<group>"; };
		7229A8472C622E000087715F /* ButtonCart.swift */ = {isa = PBXFileReference; lastKnownFileType = sourcecode.swift; path = ButtonCart.swift; sourceTree = "<group>"; };
		7229A8492C6244B50087715F /* GridItemViewModel.swift */ = {isa = PBXFileReference; lastKnownFileType = sourcecode.swift; path = GridItemViewModel.swift; sourceTree = "<group>"; };
		7229A84B2C6266BD0087715F /* PlusMinusButton.swift */ = {isa = PBXFileReference; lastKnownFileType = sourcecode.swift; path = PlusMinusButton.swift; sourceTree = "<group>"; };
		7229A84F2C63611C0087715F /* CustomTabelCell.swift */ = {isa = PBXFileReference; lastKnownFileType = sourcecode.swift; path = CustomTabelCell.swift; sourceTree = "<group>"; };
		7229A8512C63651E0087715F /* Range.swift */ = {isa = PBXFileReference; lastKnownFileType = sourcecode.swift; path = Range.swift; sourceTree = "<group>"; };
		7229A8532C6365540087715F /* DiscontLabel.swift */ = {isa = PBXFileReference; lastKnownFileType = sourcecode.swift; path = DiscontLabel.swift; sourceTree = "<group>"; };
		7229A8552C6365880087715F /* FlagLabel.swift */ = {isa = PBXFileReference; lastKnownFileType = sourcecode.swift; path = FlagLabel.swift; sourceTree = "<group>"; };
		7229A8572C6375190087715F /* PricesWithButtomCard.swift */ = {isa = PBXFileReference; lastKnownFileType = sourcecode.swift; path = PricesWithButtomCard.swift; sourceTree = "<group>"; };
		7229A8592C63AF100087715F /* ButtonList.swift */ = {isa = PBXFileReference; lastKnownFileType = sourcecode.swift; path = ButtonList.swift; sourceTree = "<group>"; };
		7229A85B2C64AF850087715F /* ItemManager.swift */ = {isa = PBXFileReference; lastKnownFileType = sourcecode.swift; path = ItemManager.swift; sourceTree = "<group>"; };
		7229A85D2C64B41F0087715F /* CustomSwitch.swift */ = {isa = PBXFileReference; lastKnownFileType = sourcecode.swift; path = CustomSwitch.swift; sourceTree = "<group>"; };
/* End PBXFileReference section */

/* Begin PBXFrameworksBuildPhase section */
		7229A8182C60E9880087715F /* Frameworks */ = {
			isa = PBXFrameworksBuildPhase;
			buildActionMask = 2147483647;
			files = (
			);
			runOnlyForDeploymentPostprocessing = 0;
		};
/* End PBXFrameworksBuildPhase section */

/* Begin PBXGroup section */
		7229A8122C60E9880087715F = {
			isa = PBXGroup;
			children = (
				7229A81D2C60E9880087715F /* MySpar */,
				7229A81C2C60E9880087715F /* Products */,
			);
			sourceTree = "<group>";
		};
		7229A81C2C60E9880087715F /* Products */ = {
			isa = PBXGroup;
			children = (
				7229A81B2C60E9880087715F /* MySpar.app */,
			);
			name = Products;
			sourceTree = "<group>";
		};
		7229A81D2C60E9880087715F /* MySpar */ = {
			isa = PBXGroup;
			children = (
				7229A81E2C60E9880087715F /* MySparApp.swift */,
				7229A8202C60E9880087715F /* ContentView.swift */,
				7229A8392C60F66C0087715F /* Themes */,
				7229A8322C60EA080087715F /* Views */,
				7229A8302C60E9F30087715F /* Components */,
				7229A8222C60E98A0087715F /* Assets.xcassets */,
				7229A8242C60E98A0087715F /* Preview Content */,
			);
			path = MySpar;
			sourceTree = "<group>";
		};
		7229A8242C60E98A0087715F /* Preview Content */ = {
			isa = PBXGroup;
			children = (
				7229A8252C60E98A0087715F /* Preview Assets.xcassets */,
			);
			path = "Preview Content";
			sourceTree = "<group>";
		};
		7229A8302C60E9F30087715F /* Components */ = {
			isa = PBXGroup;
			children = (
				7229A8402C61120A0087715F /* SubViews */,
				7229A8372C60F4410087715F /* CustomGridItem.swift */,
				7229A84F2C63611C0087715F /* CustomTabelCell.swift */,
			);
			path = Components;
			sourceTree = "<group>";
		};
		7229A8322C60EA080087715F /* Views */ = {
			isa = PBXGroup;
			children = (
				7229A84E2C628AD10087715F /* TableView */,
				7229A84D2C628ABC0087715F /* GrigView */,
			);
			path = Views;
			sourceTree = "<group>";
		};
		7229A8392C60F66C0087715F /* Themes */ = {
			isa = PBXGroup;
			children = (
				7229A83A2C60F6770087715F /* Sizes.swift */,
				7229A83E2C60FE380087715F /* ConstantStrings.swift */,
			);
			path = Themes;
			sourceTree = "<group>";
		};
		7229A8402C61120A0087715F /* SubViews */ = {
			isa = PBXGroup;
			children = (
				7229A8412C61121C0087715F /* RectagleWithTwoIcons.swift */,
				7229A8452C62204B0087715F /* Prices.swift */,
				7229A8572C6375190087715F /* PricesWithButtomCard.swift */,
				7229A85D2C64B41F0087715F /* CustomSwitch.swift */,
				7229A8512C63651E0087715F /* Range.swift */,
				7229A8552C6365880087715F /* FlagLabel.swift */,
				7229A8472C622E000087715F /* ButtonCart.swift */,
				7229A8532C6365540087715F /* DiscontLabel.swift */,
				7229A84B2C6266BD0087715F /* PlusMinusButton.swift */,
				7229A8592C63AF100087715F /* ButtonList.swift */,
				7229A8432C6207A60087715F /* FlagFrame.swift */,
			);
			path = SubViews;
			sourceTree = "<group>";
		};
		7229A84D2C628ABC0087715F /* GrigView */ = {
			isa = PBXGroup;
			children = (
				7229A8492C6244B50087715F /* GridItemViewModel.swift */,
				7229A85B2C64AF850087715F /* ItemManager.swift */,
				7229A83C2C60F8BF0087715F /* GridItemModel.swift */,
				7229A82C2C60E9B40087715F /* GridView.swift */,
			);
			path = GrigView;
			sourceTree = "<group>";
		};
		7229A84E2C628AD10087715F /* TableView */ = {
			isa = PBXGroup;
			children = (
				7229A8332C60EA230087715F /* ViewModel.swift */,
				7229A8352C60EDDE0087715F /* MainModel.swift */,
				7229A82E2C60E9C60087715F /* TableView.swift */,
			);
			path = TableView;
			sourceTree = "<group>";
		};
/* End PBXGroup section */

/* Begin PBXNativeTarget section */
		7229A81A2C60E9880087715F /* MySpar */ = {
			isa = PBXNativeTarget;
			buildConfigurationList = 7229A8292C60E98A0087715F /* Build configuration list for PBXNativeTarget "MySpar" */;
			buildPhases = (
				7229A8172C60E9880087715F /* Sources */,
				7229A8182C60E9880087715F /* Frameworks */,
				7229A8192C60E9880087715F /* Resources */,
			);
			buildRules = (
			);
			dependencies = (
			);
			name = MySpar;
			productName = MySpar;
			productReference = 7229A81B2C60E9880087715F /* MySpar.app */;
			productType = "com.apple.product-type.application";
		};
/* End PBXNativeTarget section */

/* Begin PBXProject section */
		7229A8132C60E9880087715F /* Project object */ = {
			isa = PBXProject;
			attributes = {
				BuildIndependentTargetsInParallel = 1;
				LastSwiftUpdateCheck = 1500;
				LastUpgradeCheck = 1500;
				TargetAttributes = {
					7229A81A2C60E9880087715F = {
						CreatedOnToolsVersion = 15.0;
					};
				};
			};
			buildConfigurationList = 7229A8162C60E9880087715F /* Build configuration list for PBXProject "MySpar" */;
			compatibilityVersion = "Xcode 14.0";
			developmentRegion = en;
			hasScannedForEncodings = 0;
			knownRegions = (
				en,
				Base,
			);
			mainGroup = 7229A8122C60E9880087715F;
			productRefGroup = 7229A81C2C60E9880087715F /* Products */;
			projectDirPath = "";
			projectRoot = "";
			targets = (
				7229A81A2C60E9880087715F /* MySpar */,
			);
		};
/* End PBXProject section */

/* Begin PBXResourcesBuildPhase section */
		7229A8192C60E9880087715F /* Resources */ = {
			isa = PBXResourcesBuildPhase;
			buildActionMask = 2147483647;
			files = (
				7229A8262C60E98A0087715F /* Preview Assets.xcassets in Resources */,
				7229A8232C60E98A0087715F /* Assets.xcassets in Resources */,
			);
			runOnlyForDeploymentPostprocessing = 0;
		};
/* End PBXResourcesBuildPhase section */

/* Begin PBXSourcesBuildPhase section */
		7229A8172C60E9880087715F /* Sources */ = {
			isa = PBXSourcesBuildPhase;
			buildActionMask = 2147483647;
			files = (
				7229A84A2C6244B50087715F /* GridItemViewModel.swift in Sources */,
				7229A83F2C60FE380087715F /* ConstantStrings.swift in Sources */,
				7229A85E2C64B41F0087715F /* CustomSwitch.swift in Sources */,
				7229A8342C60EA230087715F /* ViewModel.swift in Sources */,
				7229A8522C63651E0087715F /* Range.swift in Sources */,
				7229A8212C60E9880087715F /* ContentView.swift in Sources */,
				7229A8482C622E000087715F /* ButtonCart.swift in Sources */,
				7229A8442C6207A60087715F /* FlagFrame.swift in Sources */,
				7229A83D2C60F8BF0087715F /* GridItemModel.swift in Sources */,
				7229A8582C6375190087715F /* PricesWithButtomCard.swift in Sources */,
				7229A8562C6365880087715F /* FlagLabel.swift in Sources */,
				7229A8362C60EDDE0087715F /* MainModel.swift in Sources */,
				7229A85C2C64AF850087715F /* ItemManager.swift in Sources */,
				7229A8462C62204B0087715F /* Prices.swift in Sources */,
				7229A8382C60F4410087715F /* CustomGridItem.swift in Sources */,
				7229A83B2C60F6770087715F /* Sizes.swift in Sources */,
				7229A82F2C60E9C60087715F /* TableView.swift in Sources */,
				7229A84C2C6266BD0087715F /* PlusMinusButton.swift in Sources */,
				7229A82D2C60E9B40087715F /* GridView.swift in Sources */,
				7229A8542C6365540087715F /* DiscontLabel.swift in Sources */,
				7229A81F2C60E9880087715F /* MySparApp.swift in Sources */,
				7229A85A2C63AF100087715F /* ButtonList.swift in Sources */,
				7229A8422C61121C0087715F /* RectagleWithTwoIcons.swift in Sources */,
				7229A8502C63611C0087715F /* CustomTabelCell.swift in Sources */,
			);
			runOnlyForDeploymentPostprocessing = 0;
		};
/* End PBXSourcesBuildPhase section */

/* Begin XCBuildConfiguration section */
		7229A8272C60E98A0087715F /* Debug */ = {
			isa = XCBuildConfiguration;
			buildSettings = {
				ALWAYS_SEARCH_USER_PATHS = NO;
				ASSETCATALOG_COMPILER_GENERATE_SWIFT_ASSET_SYMBOL_EXTENSIONS = YES;
				CLANG_ANALYZER_NONNULL = YES;
				CLANG_ANALYZER_NUMBER_OBJECT_CONVERSION = YES_AGGRESSIVE;
				CLANG_CXX_LANGUAGE_STANDARD = "gnu++20";
				CLANG_ENABLE_MODULES = YES;
				CLANG_ENABLE_OBJC_ARC = YES;
				CLANG_ENABLE_OBJC_WEAK = YES;
				CLANG_WARN_BLOCK_CAPTURE_AUTORELEASING = YES;
				CLANG_WARN_BOOL_CONVERSION = YES;
				CLANG_WARN_COMMA = YES;
				CLANG_WARN_CONSTANT_CONVERSION = YES;
				CLANG_WARN_DEPRECATED_OBJC_IMPLEMENTATIONS = YES;
				CLANG_WARN_DIRECT_OBJC_ISA_USAGE = YES_ERROR;
				CLANG_WARN_DOCUMENTATION_COMMENTS = YES;
				CLANG_WARN_EMPTY_BODY = YES;
				CLANG_WARN_ENUM_CONVERSION = YES;
				CLANG_WARN_INFINITE_RECURSION = YES;
				CLANG_WARN_INT_CONVERSION = YES;
				CLANG_WARN_NON_LITERAL_NULL_CONVERSION = YES;
				CLANG_WARN_OBJC_IMPLICIT_RETAIN_SELF = YES;
				CLANG_WARN_OBJC_LITERAL_CONVERSION = YES;
				CLANG_WARN_OBJC_ROOT_CLASS = YES_ERROR;
				CLANG_WARN_QUOTED_INCLUDE_IN_FRAMEWORK_HEADER = YES;
				CLANG_WARN_RANGE_LOOP_ANALYSIS = YES;
				CLANG_WARN_STRICT_PROTOTYPES = YES;
				CLANG_WARN_SUSPICIOUS_MOVE = YES;
				CLANG_WARN_UNGUARDED_AVAILABILITY = YES_AGGRESSIVE;
				CLANG_WARN_UNREACHABLE_CODE = YES;
				CLANG_WARN__DUPLICATE_METHOD_MATCH = YES;
				COPY_PHASE_STRIP = NO;
				DEBUG_INFORMATION_FORMAT = dwarf;
				ENABLE_STRICT_OBJC_MSGSEND = YES;
				ENABLE_TESTABILITY = YES;
				ENABLE_USER_SCRIPT_SANDBOXING = YES;
				GCC_C_LANGUAGE_STANDARD = gnu17;
				GCC_DYNAMIC_NO_PIC = NO;
				GCC_NO_COMMON_BLOCKS = YES;
				GCC_OPTIMIZATION_LEVEL = 0;
				GCC_PREPROCESSOR_DEFINITIONS = (
					"DEBUG=1",
					"$(inherited)",
				);
				GCC_WARN_64_TO_32_BIT_CONVERSION = YES;
				GCC_WARN_ABOUT_RETURN_TYPE = YES_ERROR;
				GCC_WARN_UNDECLARED_SELECTOR = YES;
				GCC_WARN_UNINITIALIZED_AUTOS = YES_AGGRESSIVE;
				GCC_WARN_UNUSED_FUNCTION = YES;
				GCC_WARN_UNUSED_VARIABLE = YES;
				IPHONEOS_DEPLOYMENT_TARGET = 17.0;
				LOCALIZATION_PREFERS_STRING_CATALOGS = YES;
				MTL_ENABLE_DEBUG_INFO = INCLUDE_SOURCE;
				MTL_FAST_MATH = YES;
				ONLY_ACTIVE_ARCH = YES;
				SDKROOT = iphoneos;
				SWIFT_ACTIVE_COMPILATION_CONDITIONS = "DEBUG $(inherited)";
				SWIFT_OPTIMIZATION_LEVEL = "-Onone";
			};
			name = Debug;
		};
		7229A8282C60E98A0087715F /* Release */ = {
			isa = XCBuildConfiguration;
			buildSettings = {
				ALWAYS_SEARCH_USER_PATHS = NO;
				ASSETCATALOG_COMPILER_GENERATE_SWIFT_ASSET_SYMBOL_EXTENSIONS = YES;
				CLANG_ANALYZER_NONNULL = YES;
				CLANG_ANALYZER_NUMBER_OBJECT_CONVERSION = YES_AGGRESSIVE;
				CLANG_CXX_LANGUAGE_STANDARD = "gnu++20";
				CLANG_ENABLE_MODULES = YES;
				CLANG_ENABLE_OBJC_ARC = YES;
				CLANG_ENABLE_OBJC_WEAK = YES;
				CLANG_WARN_BLOCK_CAPTURE_AUTORELEASING = YES;
				CLANG_WARN_BOOL_CONVERSION = YES;
				CLANG_WARN_COMMA = YES;
				CLANG_WARN_CONSTANT_CONVERSION = YES;
				CLANG_WARN_DEPRECATED_OBJC_IMPLEMENTATIONS = YES;
				CLANG_WARN_DIRECT_OBJC_ISA_USAGE = YES_ERROR;
				CLANG_WARN_DOCUMENTATION_COMMENTS = YES;
				CLANG_WARN_EMPTY_BODY = YES;
				CLANG_WARN_ENUM_CONVERSION = YES;
				CLANG_WARN_INFINITE_RECURSION = YES;
				CLANG_WARN_INT_CONVERSION = YES;
				CLANG_WARN_NON_LITERAL_NULL_CONVERSION = YES;
				CLANG_WARN_OBJC_IMPLICIT_RETAIN_SELF = YES;
				CLANG_WARN_OBJC_LITERAL_CONVERSION = YES;
				CLANG_WARN_OBJC_ROOT_CLASS = YES_ERROR;
				CLANG_WARN_QUOTED_INCLUDE_IN_FRAMEWORK_HEADER = YES;
				CLANG_WARN_RANGE_LOOP_ANALYSIS = YES;
				CLANG_WARN_STRICT_PROTOTYPES = YES;
				CLANG_WARN_SUSPICIOUS_MOVE = YES;
				CLANG_WARN_UNGUARDED_AVAILABILITY = YES_AGGRESSIVE;
				CLANG_WARN_UNREACHABLE_CODE = YES;
				CLANG_WARN__DUPLICATE_METHOD_MATCH = YES;
				COPY_PHASE_STRIP = NO;
				DEBUG_INFORMATION_FORMAT = "dwarf-with-dsym";
				ENABLE_NS_ASSERTIONS = NO;
				ENABLE_STRICT_OBJC_MSGSEND = YES;
				ENABLE_USER_SCRIPT_SANDBOXING = YES;
				GCC_C_LANGUAGE_STANDARD = gnu17;
				GCC_NO_COMMON_BLOCKS = YES;
				GCC_WARN_64_TO_32_BIT_CONVERSION = YES;
				GCC_WARN_ABOUT_RETURN_TYPE = YES_ERROR;
				GCC_WARN_UNDECLARED_SELECTOR = YES;
				GCC_WARN_UNINITIALIZED_AUTOS = YES_AGGRESSIVE;
				GCC_WARN_UNUSED_FUNCTION = YES;
				GCC_WARN_UNUSED_VARIABLE = YES;
				IPHONEOS_DEPLOYMENT_TARGET = 17.0;
				LOCALIZATION_PREFERS_STRING_CATALOGS = YES;
				MTL_ENABLE_DEBUG_INFO = NO;
				MTL_FAST_MATH = YES;
				SDKROOT = iphoneos;
				SWIFT_COMPILATION_MODE = wholemodule;
				VALIDATE_PRODUCT = YES;
			};
			name = Release;
		};
		7229A82A2C60E98A0087715F /* Debug */ = {
			isa = XCBuildConfiguration;
			buildSettings = {
				ASSETCATALOG_COMPILER_APPICON_NAME = AppIcon;
				ASSETCATALOG_COMPILER_GLOBAL_ACCENT_COLOR_NAME = AccentColor;
				CODE_SIGN_STYLE = Automatic;
				CURRENT_PROJECT_VERSION = 1;
				DEVELOPMENT_ASSET_PATHS = "\"MySpar/Preview Content\"";
				ENABLE_PREVIEWS = YES;
				GENERATE_INFOPLIST_FILE = YES;
				INFOPLIST_KEY_UIApplicationSceneManifest_Generation = YES;
				INFOPLIST_KEY_UIApplicationSupportsIndirectInputEvents = YES;
				INFOPLIST_KEY_UILaunchScreen_Generation = YES;
				INFOPLIST_KEY_UISupportedInterfaceOrientations = UIInterfaceOrientationPortrait;
				INFOPLIST_KEY_UISupportedInterfaceOrientations_iPad = "UIInterfaceOrientationLandscapeLeft UIInterfaceOrientationLandscapeRight UIInterfaceOrientationPortrait UIInterfaceOrientationPortraitUpsideDown";
				LD_RUNPATH_SEARCH_PATHS = (
					"$(inherited)",
					"@executable_path/Frameworks",
				);
				MARKETING_VERSION = 1.0;
				PRODUCT_BUNDLE_IDENTIFIER = swiftbook.ru.MySpar;
				PRODUCT_NAME = "$(TARGET_NAME)";
				SUPPORTED_PLATFORMS = "iphoneos iphonesimulator";
				SUPPORTS_MACCATALYST = NO;
				SUPPORTS_MAC_DESIGNED_FOR_IPHONE_IPAD = NO;
				SWIFT_EMIT_LOC_STRINGS = YES;
				SWIFT_VERSION = 5.0;
				TARGETED_DEVICE_FAMILY = 1;
			};
			name = Debug;
		};
		7229A82B2C60E98A0087715F /* Release */ = {
			isa = XCBuildConfiguration;
			buildSettings = {
				ASSETCATALOG_COMPILER_APPICON_NAME = AppIcon;
				ASSETCATALOG_COMPILER_GLOBAL_ACCENT_COLOR_NAME = AccentColor;
				CODE_SIGN_STYLE = Automatic;
				CURRENT_PROJECT_VERSION = 1;
				DEVELOPMENT_ASSET_PATHS = "\"MySpar/Preview Content\"";
				ENABLE_PREVIEWS = YES;
				GENERATE_INFOPLIST_FILE = YES;
				INFOPLIST_KEY_UIApplicationSceneManifest_Generation = YES;
				INFOPLIST_KEY_UIApplicationSupportsIndirectInputEvents = YES;
				INFOPLIST_KEY_UILaunchScreen_Generation = YES;
				INFOPLIST_KEY_UISupportedInterfaceOrientations = UIInterfaceOrientationPortrait;
				INFOPLIST_KEY_UISupportedInterfaceOrientations_iPad = "UIInterfaceOrientationLandscapeLeft UIInterfaceOrientationLandscapeRight UIInterfaceOrientationPortrait UIInterfaceOrientationPortraitUpsideDown";
				LD_RUNPATH_SEARCH_PATHS = (
					"$(inherited)",
					"@executable_path/Frameworks",
				);
				MARKETING_VERSION = 1.0;
				PRODUCT_BUNDLE_IDENTIFIER = swiftbook.ru.MySpar;
				PRODUCT_NAME = "$(TARGET_NAME)";
				SUPPORTED_PLATFORMS = "iphoneos iphonesimulator";
				SUPPORTS_MACCATALYST = NO;
				SUPPORTS_MAC_DESIGNED_FOR_IPHONE_IPAD = NO;
				SWIFT_EMIT_LOC_STRINGS = YES;
				SWIFT_VERSION = 5.0;
				TARGETED_DEVICE_FAMILY = 1;
			};
			name = Release;
		};
/* End XCBuildConfiguration section */

/* Begin XCConfigurationList section */
		7229A8162C60E9880087715F /* Build configuration list for PBXProject "MySpar" */ = {
			isa = XCConfigurationList;
			buildConfigurations = (
				7229A8272C60E98A0087715F /* Debug */,
				7229A8282C60E98A0087715F /* Release */,
			);
			defaultConfigurationIsVisible = 0;
			defaultConfigurationName = Release;
		};
		7229A8292C60E98A0087715F /* Build configuration list for PBXNativeTarget "MySpar" */ = {
			isa = XCConfigurationList;
			buildConfigurations = (
				7229A82A2C60E98A0087715F /* Debug */,
				7229A82B2C60E98A0087715F /* Release */,
			);
			defaultConfigurationIsVisible = 0;
			defaultConfigurationName = Release;
		};
/* End XCConfigurationList section */
	};
	rootObject = 7229A8132C60E9880087715F /* Project object */;
}
